
Microsoft Visual Studio Solution File, Format Version 12.00
# Visual Studio Version 17
VisualStudioVersion = 17.10.34916.146
MinimumVisualStudioVersion = 10.0.40219.1
Project("{FAE04EC0-301F-11D3-BF4B-00C04F79EFBC}") = "MushroomApp", "MushroomApp\MushroomApp.csproj", "{FCAC1855-33A1-4E4D-803D-6264D38FC1C1}"
EndProject
Global
	GlobalSection(SolutionConfigurationPlatforms) = preSolution
		Debug|Any CPU = Debug|Any CPU
		Release|Any CPU = Release|Any CPU
	EndGlobalSection
	GlobalSection(ProjectConfigurationPlatforms) = postSolution
		{FCAC1855-33A1-4E4D-803D-6264D38FC1C1}.Debug|Any CPU.ActiveCfg = Debug|Any CPU
		{FCAC1855-33A1-4E4D-803D-6264D38FC1C1}.Debug|Any CPU.Build.0 = Debug|Any CPU
		{FCAC1855-33A1-4E4D-803D-6264D38FC1C1}.Debug|Any CPU.Deploy.0 = Debug|Any CPU
		{FCAC1855-33A1-4E4D-803D-6264D38FC1C1}.Release|Any CPU.ActiveCfg = Release|Any CPU
		{FCAC1855-33A1-4E4D-803D-6264D38FC1C1}.Release|Any CPU.Build.0 = Release|Any CPU
		{FCAC1855-33A1-4E4D-803D-6264D38FC1C1}.Release|Any CPU.Deploy.0 = Release|Any CPU
	EndGlobalSection
	GlobalSection(SolutionProperties) = preSolution
		HideSolutionNode = FALSE
	EndGlobalSection
	GlobalSection(ExtensibilityGlobals) = postSolution
		SolutionGuid = {C25FFC14-9BFF-40FE-AC0A-762027BC319E}
	EndGlobalSection
EndGlobal
